
Microsoft Visual Studio Solution File, Format Version 12.00
# Visual Studio Version 17
VisualStudioVersion = 17.1.32421.90
MinimumVisualStudioVersion = 10.0.40219.1
Project("{FAE04EC0-301F-11D3-BF4B-00C04F79EFBC}") = "WebApplication1", "WebApplication1\WebApplication1.csproj", "{2CF5F76E-1DDD-42DA-88C7-D3C7779BF825}"
EndProject
Global
	GlobalSection(SolutionConfigurationPlatforms) = preSolution
		Debug|Any CPU = Debug|Any CPU
		Release|Any CPU = Release|Any CPU
	EndGlobalSection
	GlobalSection(ProjectConfigurationPlatforms) = postSolution
		{2CF5F76E-1DDD-42DA-88C7-D3C7779BF825}.Debug|Any CPU.ActiveCfg = Debug|Any CPU
		{2CF5F76E-1DDD-42DA-88C7-D3C7779BF825}.Debug|Any CPU.Build.0 = Debug|Any CPU
		{2CF5F76E-1DDD-42DA-88C7-D3C7779BF825}.Release|Any CPU.ActiveCfg = Release|Any CPU
		{2CF5F76E-1DDD-42DA-88C7-D3C7779BF825}.Release|Any CPU.Build.0 = Release|Any CPU
	EndGlobalSection
	GlobalSection(SolutionProperties) = preSolution
		HideSolutionNode = FALSE
	EndGlobalSection
	GlobalSection(ExtensibilityGlobals) = postSolution
		SolutionGuid = {CA2723BA-AD6D-4015-97F0-ABDB260D3821}
	EndGlobalSection
EndGlobal
